{
  "requires": true,
  "lockfileVersion": 1,
  "dependencies": {
    "igniteui-angular-charts": {
      "version": "8.2.12",
      "resolved": "https://registry.npmjs.org/igniteui-angular-charts/-/igniteui-angular-charts-8.2.12.tgz",
      "integrity": "sha512-PzQ93M3pqLltqyRSeVJ7cRyGYHFu1/fT/i5HsHFE7ilSpMhujO8MmIU7Q3Ue+D1MErXahdww9XoQyuNIhtseew=="
    },
    "igniteui-angular-core": {
      "version": "8.2.12",
      "resolved": "https://registry.npmjs.org/igniteui-angular-core/-/igniteui-angular-core-8.2.12.tgz",
      "integrity": "sha512-f5GknBMQwsrHQmjyUOH4lqmZ5QIEPC33xTDgkx6kzwc81XgfRSoFrE8bTw8rEOzmx+ckmuINt/nTewATGuKjIQ=="
    },
    "ngx-doughnut-chart": {
      "version": "0.0.4",
      "resolved": "https://registry.npmjs.org/ngx-doughnut-chart/-/ngx-doughnut-chart-0.0.4.tgz",
      "integrity": "sha512-Hg/xnwLGby4azwAok7lO01tKDubFnMY/TEwdBqtU6cSh8VlA88SC5w2Zowh+FChEKC0ATrpsSz1LTjQClI5nzg==",
      "requires": {
        "tslib": "^1.9.0"
      }
    },
    "tslib": {
      "version": "1.11.1",
      "resolved": "https://registry.npmjs.org/tslib/-/tslib-1.11.1.tgz",
      "integrity": "sha512-aZW88SY8kQbU7gpV19lN24LtXh/yD4ZZg6qieAJDDg+YBsJcSmLGK9QpnUjAKVG/xefmvJGd1WUmfpT/g6AJGA=="
    }
  }
}
